
Microsoft Visual Studio Solution File, Format Version 12.00
# Visual Studio Version 16
VisualStudioVersion = 16.0.32510.428
MinimumVisualStudioVersion = 10.0.40219.1
Project("{8BC9CEB8-8B4A-11D0-8D11-00A0C91BC942}") = "Project1", "Project1.vcxproj", "{ACE13B1F-1E5F-4B09-BDBA-DF5696148F4B}"
EndProject
Global
	GlobalSection(SolutionConfigurationPlatforms) = preSolution
		Debug|x64 = Debug|x64
		Debug|x86 = Debug|x86
		Release|x64 = Release|x64
		Release|x86 = Release|x86
	EndGlobalSection
	GlobalSection(ProjectConfigurationPlatforms) = postSolution
		{ACE13B1F-1E5F-4B09-BDBA-DF5696148F4B}.Debug|x64.ActiveCfg = Debug|x64
		{ACE13B1F-1E5F-4B09-BDBA-DF5696148F4B}.Debug|x64.Build.0 = Debug|x64
		{ACE13B1F-1E5F-4B09-BDBA-DF5696148F4B}.Debug|x86.ActiveCfg = Debug|Win32
		{ACE13B1F-1E5F-4B09-BDBA-DF5696148F4B}.Debug|x86.Build.0 = Debug|Win32
		{ACE13B1F-1E5F-4B09-BDBA-DF5696148F4B}.Release|x64.ActiveCfg = Release|x64
		{ACE13B1F-1E5F-4B09-BDBA-DF5696148F4B}.Release|x64.Build.0 = Release|x64
		{ACE13B1F-1E5F-4B09-BDBA-DF5696148F4B}.Release|x86.ActiveCfg = Release|Win32
		{ACE13B1F-1E5F-4B09-BDBA-DF5696148F4B}.Release|x86.Build.0 = Release|Win32
	EndGlobalSection
	GlobalSection(SolutionProperties) = preSolution
		HideSolutionNode = FALSE
	EndGlobalSection
	GlobalSection(ExtensibilityGlobals) = postSolution
		SolutionGuid = {DB4152E9-9492-4A3A-9107-42CA3A425F90}
	EndGlobalSection
EndGlobal
