<?xml version="1.0" encoding="utf-8"?>
<Project ToolsVersion="4.0" xmlns="http://schemas.microsoft.com/developer/msbuild/2003">
  <ItemGroup>
    <Filter Include="Source Files">
      <UniqueIdentifier>{4FC737F1-C7A5-4376-A066-2A32D752A2FF}</UniqueIdentifier>
      <Extensions>cpp;c;cc;cxx;c++;cppm;ixx;def;odl;idl;hpj;bat;asm;asmx</Extensions>
    </Filter>
    <Filter Include="Header Files">
      <UniqueIdentifier>{93995380-89BD-4b04-88EB-625FBE52EBFB}</UniqueIdentifier>
      <Extensions>h;hh;hpp;hxx;h++;hm;inl;inc;ipp;xsd</Extensions>
    </Filter>
    <Filter Include="Resource Files">
      <UniqueIdentifier>{67DA6AB6-F800-4c08-8B7A-83BB121AAD01}</UniqueIdentifier>
      <Extensions>rc;ico;cur;bmp;dlg;rc2;rct;bin;rgs;gif;jpg;jpeg;jpe;resx;tiff;tif;png;wav;mfcribbon-ms</Extensions>
    </Filter>
  </ItemGroup>
  <ItemGroup>
    <ClCompile Include="x만큼 간격이 있는 n개의 숫.cpp">
      <Filter>Source Files</Filter>
    </ClCompile>
    <ClCompile Include="핸드폰 번호 가리기.cpp">
      <Filter>Source Files</Filter>
    </ClCompile>
    <ClCompile Include="직사각형 별찍기.cpp">
      <Filter>Source Files</Filter>
    </ClCompile>
    <ClCompile Include="없는 숫자 더하기.cpp">
      <Filter>Source Files</Filter>
    </ClCompile>
    <ClCompile Include="행렬 더하기cpp.cpp">
      <Filter>Source Files</Filter>
    </ClCompile>
    <ClCompile Include="하샤드수.cpp">
      <Filter>Source Files</Filter>
    </ClCompile>
    <ClCompile Include="내적.cpp">
      <Filter>Source Files</Filter>
    </ClCompile>
    <ClCompile Include="평균 구하기.cpp">
      <Filter>Source Files</Filter>
    </ClCompile>
    <ClCompile Include="콜라츠의 추측.cpp">
      <Filter>Source Files</Filter>
    </ClCompile>
    <ClCompile Include="최소 공배수 최대 공약수.cpp">
      <Filter>Source Files</Filter>
    </ClCompile>
    <ClCompile Include="짝수와 홀수.cpp">
      <Filter>Source Files</Filter>
    </ClCompile>
    <ClCompile Include="제일 작은 수 제거하기.cpp">
      <Filter>Source Files</Filter>
    </ClCompile>
    <ClCompile Include="정수 내림차순으로 배열하기.cpp">
      <Filter>Source Files</Filter>
    </ClCompile>
    <ClCompile Include="자연수 뒤집어 배열로 만들기.cpp">
      <Filter>Source Files</Filter>
    </ClCompile>
    <ClCompile Include="자릿수 더하기.cpp">
      <Filter>Source Files</Filter>
    </ClCompile>
    <ClCompile Include="이상한 문자 만들기.cpp">
      <Filter>Source Files</Filter>
    </ClCompile>
    <ClCompile Include="약수의 합.cpp">
      <Filter>Source Files</Filter>
    </ClCompile>
    <ClCompile Include="시저 암호.cpp">
      <Filter>Source Files</Filter>
    </ClCompile>
    <ClCompile Include="문자열을 정수로 바꾸기.cpp">
      <Filter>Source Files</Filter>
    </ClCompile>
    <ClCompile Include="소수찾기.cpp">
      <Filter>Source Files</Filter>
    </ClCompile>
  </ItemGroup>
</Project>